
Microsoft Visual Studio Solution File, Format Version 12.00
# Visual Studio 15
VisualStudioVersion = 15.0.28010.2046
MinimumVisualStudioVersion = 10.0.40219.1
Project("{FAE04EC0-301F-11D3-BF4B-00C04F79EFBC}") = "AOPProxySolution", "AOPSolution\AOPProxySolution.csproj", "{BB925C1E-A712-41F4-8073-1D8862EE68A4}"
EndProject
Project("{FAE04EC0-301F-11D3-BF4B-00C04F79EFBC}") = "CastleCoreInterceptor", "CastleCore\CastleCoreInterceptor.csproj", "{33539CE5-8DB1-41CB-8B6C-33D55E8F5A87}"
EndProject
Project("{FAE04EC0-301F-11D3-BF4B-00C04F79EFBC}") = "CastleWindsorInterceptor", "CastleWindsorInterceptor\CastleWindsorInterceptor.csproj", "{EB64F89D-A6F9-4038-BDCA-2A3BB9699EB6}"
EndProject
Project("{FAE04EC0-301F-11D3-BF4B-00C04F79EFBC}") = "CastleWindsorWithoutAttribute", "CastleWindsorWithoutAttribute\CastleWindsorWithoutAttribute.csproj", "{80736068-5BBD-4DA7-8AF0-8DF99FDCBE7F}"
EndProject
Project("{FAE04EC0-301F-11D3-BF4B-00C04F79EFBC}") = "AutofacInterceptor", "AutofacInterceptor\AutofacInterceptor.csproj", "{AC3A5F50-38FB-4499-B7A8-0F6BD739A081}"
EndProject
Global
	GlobalSection(SolutionConfigurationPlatforms) = preSolution
		Debug|Any CPU = Debug|Any CPU
		Release|Any CPU = Release|Any CPU
	EndGlobalSection
	GlobalSection(ProjectConfigurationPlatforms) = postSolution
		{BB925C1E-A712-41F4-8073-1D8862EE68A4}.Debug|Any CPU.ActiveCfg = Debug|Any CPU
		{BB925C1E-A712-41F4-8073-1D8862EE68A4}.Debug|Any CPU.Build.0 = Debug|Any CPU
		{BB925C1E-A712-41F4-8073-1D8862EE68A4}.Release|Any CPU.ActiveCfg = Release|Any CPU
		{BB925C1E-A712-41F4-8073-1D8862EE68A4}.Release|Any CPU.Build.0 = Release|Any CPU
		{33539CE5-8DB1-41CB-8B6C-33D55E8F5A87}.Debug|Any CPU.ActiveCfg = Debug|Any CPU
		{33539CE5-8DB1-41CB-8B6C-33D55E8F5A87}.Debug|Any CPU.Build.0 = Debug|Any CPU
		{33539CE5-8DB1-41CB-8B6C-33D55E8F5A87}.Release|Any CPU.ActiveCfg = Release|Any CPU
		{33539CE5-8DB1-41CB-8B6C-33D55E8F5A87}.Release|Any CPU.Build.0 = Release|Any CPU
		{EB64F89D-A6F9-4038-BDCA-2A3BB9699EB6}.Debug|Any CPU.ActiveCfg = Debug|Any CPU
		{EB64F89D-A6F9-4038-BDCA-2A3BB9699EB6}.Debug|Any CPU.Build.0 = Debug|Any CPU
		{EB64F89D-A6F9-4038-BDCA-2A3BB9699EB6}.Release|Any CPU.ActiveCfg = Release|Any CPU
		{EB64F89D-A6F9-4038-BDCA-2A3BB9699EB6}.Release|Any CPU.Build.0 = Release|Any CPU
		{80736068-5BBD-4DA7-8AF0-8DF99FDCBE7F}.Debug|Any CPU.ActiveCfg = Debug|Any CPU
		{80736068-5BBD-4DA7-8AF0-8DF99FDCBE7F}.Debug|Any CPU.Build.0 = Debug|Any CPU
		{80736068-5BBD-4DA7-8AF0-8DF99FDCBE7F}.Release|Any CPU.ActiveCfg = Release|Any CPU
		{80736068-5BBD-4DA7-8AF0-8DF99FDCBE7F}.Release|Any CPU.Build.0 = Release|Any CPU
		{AC3A5F50-38FB-4499-B7A8-0F6BD739A081}.Debug|Any CPU.ActiveCfg = Debug|Any CPU
		{AC3A5F50-38FB-4499-B7A8-0F6BD739A081}.Debug|Any CPU.Build.0 = Debug|Any CPU
		{AC3A5F50-38FB-4499-B7A8-0F6BD739A081}.Release|Any CPU.ActiveCfg = Release|Any CPU
		{AC3A5F50-38FB-4499-B7A8-0F6BD739A081}.Release|Any CPU.Build.0 = Release|Any CPU
	EndGlobalSection
	GlobalSection(SolutionProperties) = preSolution
		HideSolutionNode = FALSE
	EndGlobalSection
	GlobalSection(ExtensibilityGlobals) = postSolution
		SolutionGuid = {689E5603-98CF-4FB7-B65D-8230B05EDB29}
	EndGlobalSection
EndGlobal
